{
  "name": "codex-game-pipeline-smoke-test",
  "version": "0.1.0",
  "lockfileVersion": 3,
  "requires": true,
  "packages": {
    "": {
      "name": "codex-game-pipeline-smoke-test",
      "version": "0.1.0",
      "dependencies": {
        "babylonjs": "9.25.0",
        "babylonjs-loaders": "9.25.0",
        "playwright": "1.63.0"
      }
    },
    "node_modules/babylonjs": {
      "version": "9.25.0",
      "resolved": "https://registry.npmjs.org/babylonjs/-/babylonjs-9.25.0.tgz",
      "integrity": "sha512-1hqtHr21ahlOYePM/DeWqhO4kUh9LPrbSjefTjdnSkmKnNqt8eYAxkFDYwk88hLUzY2FhPx7WJBG6ZRshCIxMQ==",
      "hasInstallScript": true,
      "license": "Apache-2.0"
    },
    "node_modules/babylonjs-gltf2interface": {
      "version": "9.25.0",
      "resolved": "https://registry.npmjs.org/babylonjs-gltf2interface/-/babylonjs-gltf2interface-9.25.0.tgz",
      "integrity": "sha512-yi+Gh+rqEghH5T9jdpp0W+be4HRh13+0N4xCPazMyElNbwqtEYoWoFLE3Q3CrA1aY4H5dMOVRXYcspWwo15crg==",
      "license": "Apache-2.0"
    },
    "node_modules/babylonjs-loaders": {
      "version": "9.25.0",
      "resolved": "https://registry.npmjs.org/babylonjs-loaders/-/babylonjs-loaders-9.25.0.tgz",
      "integrity": "sha512-cgHEN3gfNEQE4H/rpFs4Yr7MDC4Txv+D9N83S239l9Q6BDzxU7bSQ0QZe4ljikzbfXYjm/3SQP88avdFs3xXgw==",
      "license": "Apache-2.0",
      "dependencies": {
        "babylonjs": "9.25.0",
        "babylonjs-gltf2interface": "9.25.0"
      }
    },
    "node_modules/playwright": {
      "version": "1.63.0",
      "resolved": "https://registry.npmjs.org/playwright/-/playwright-1.63.0.tgz",
      "integrity": "sha512-+7ziBLidS4NaNCdt57SUDT+wYmmd5fmiQejUic/kb+YsYSCPyOOE9sebzMjNmQrsnNpDJqd4WHvV/8lfKfUDUg==",
      "license": "Apache-2.0",
      "dependencies": {
        "playwright-core": "1.63.0"
      },
      "bin": {
        "playwright": "cli.js"
      },
      "engines": {
        "node": ">=20"
      }
    },
    "node_modules/playwright-core": {
      "version": "1.63.0",
      "resolved": "https://registry.npmjs.org/playwright-core/-/playwright-core-1.63.0.tgz",
      "integrity": "sha512-rYCsBF/M5HjUch52bbtVONEFjv6Xu8sm8h72dNlR5bzIE1fvC/bxgspzkjSfU+MweEMmPM8KJebG6nnyxo5mCg==",
      "license": "Apache-2.0",
      "bin": {
        "playwright-core": "cli.js"
      },
      "engines": {
        "node": ">=20"
      }
    }
  }
}
